
Microsoft Visual Studio Solution File, Format Version 12.00
# Visual Studio 2013
VisualStudioVersion = 12.0.30723.0
MinimumVisualStudioVersion = 10.0.40219.1
Project("{FAE04EC0-301F-11D3-BF4B-00C04F79EFBC}") = "AngularJS.Practice", "AngularJS.Practice\AngularJS.Practice.csproj", "{FCB0752E-CCDE-4587-8D2C-7831867E153E}"
EndProject
Global
	GlobalSection(SolutionConfigurationPlatforms) = preSolution
		Debug|Any CPU = Debug|Any CPU
		Release|Any CPU = Release|Any CPU
	EndGlobalSection
	GlobalSection(ProjectConfigurationPlatforms) = postSolution
		{FCB0752E-CCDE-4587-8D2C-7831867E153E}.Debug|Any CPU.ActiveCfg = Debug|Any CPU
		{FCB0752E-CCDE-4587-8D2C-7831867E153E}.Debug|Any CPU.Build.0 = Debug|Any CPU
		{FCB0752E-CCDE-4587-8D2C-7831867E153E}.Release|Any CPU.ActiveCfg = Release|Any CPU
		{FCB0752E-CCDE-4587-8D2C-7831867E153E}.Release|Any CPU.Build.0 = Release|Any CPU
	EndGlobalSection
	GlobalSection(SolutionProperties) = preSolution
		HideSolutionNode = FALSE
	EndGlobalSection
EndGlobal
